Microsoft Visual Studio Solution File, Format Version 12.00
# Visual Studio Version 17
VisualStudioVersion = 17.5.2.0
MinimumVisualStudioVersion = 10.0.40219.1
Project("{FAE04EC0-301F-11D3-BF4B-00C04F79EFBC}") = "FfmpegWrapper", "FfmpegWrapper.csproj", "{2C5B20B6-BAC9-7F9A-EA33-A30FC8BA0932}"
EndProject
Global
	GlobalSection(SolutionConfigurationPlatforms) = preSolution
		Debug|Any CPU = Debug|Any CPU
		Release|Any CPU = Release|Any CPU
	EndGlobalSection
	GlobalSection(ProjectConfigurationPlatforms) = postSolution
		{2C5B20B6-BAC9-7F9A-EA33-A30FC8BA0932}.Debug|Any CPU.ActiveCfg = Debug|Any CPU
		{2C5B20B6-BAC9-7F9A-EA33-A30FC8BA0932}.Debug|Any CPU.Build.0 = Debug|Any CPU
		{2C5B20B6-BAC9-7F9A-EA33-A30FC8BA0932}.Release|Any CPU.ActiveCfg = Release|Any CPU
		{2C5B20B6-BAC9-7F9A-EA33-A30FC8BA0932}.Release|Any CPU.Build.0 = Release|Any CPU
	EndGlobalSection
	GlobalSection(SolutionProperties) = preSolution
		HideSolutionNode = FALSE
	EndGlobalSection
	GlobalSection(ExtensibilityGlobals) = postSolution
		SolutionGuid = {4AAC68BA-DA38-4E76-9AD0-E792EB75795F}
	EndGlobalSection
EndGlobal
